
Microsoft Visual Studio Solution File, Format Version 12.00
# Visual Studio Version 16
VisualStudioVersion = 16.0.29926.136
MinimumVisualStudioVersion = 10.0.40219.1
Project("{FAE04EC0-301F-11D3-BF4B-00C04F79EFBC}") = "HomeSeek.Web", "HomeSeek.Web\HomeSeek.Web.csproj", "{7D84C0F0-298C-4EAF-B0E6-17AC3123641B}"
EndProject
Project("{FAE04EC0-301F-11D3-BF4B-00C04F79EFBC}") = "HomeSeek.Entities", "HomeSeek.Entities\HomeSeek.Entities.csproj", "{DCCC8C66-27DD-41D6-99EA-F02B50804542}"
EndProject
Project("{FAE04EC0-301F-11D3-BF4B-00C04F79EFBC}") = "HomeSeek.Database", "HomeSeek.Database\HomeSeek.Database.csproj", "{AB965162-27A4-47D7-A357-2322163E9260}"
EndProject
Project("{FAE04EC0-301F-11D3-BF4B-00C04F79EFBC}") = "HomeSeek.Desktop", "HomeSeek.Desktop\HomeSeek.Desktop.csproj", "{D9B05101-1021-4CD8-8F7C-D628BEFE6B40}"
EndProject
Project("{FAE04EC0-301F-11D3-BF4B-00C04F79EFBC}") = "HomeSeek.Repository", "HomeSeek.Repository\HomeSeek.Repository.csproj", "{9D25FC4A-3D7D-4C6D-80CC-07D9133E095F}"
EndProject
Global
	GlobalSection(SolutionConfigurationPlatforms) = preSolution
		Debug|Any CPU = Debug|Any CPU
		Release|Any CPU = Release|Any CPU
	EndGlobalSection
	GlobalSection(ProjectConfigurationPlatforms) = postSolution
		{7D84C0F0-298C-4EAF-B0E6-17AC3123641B}.Debug|Any CPU.ActiveCfg = Debug|Any CPU
		{7D84C0F0-298C-4EAF-B0E6-17AC3123641B}.Debug|Any CPU.Build.0 = Debug|Any CPU
		{7D84C0F0-298C-4EAF-B0E6-17AC3123641B}.Release|Any CPU.ActiveCfg = Release|Any CPU
		{7D84C0F0-298C-4EAF-B0E6-17AC3123641B}.Release|Any CPU.Build.0 = Release|Any CPU
		{DCCC8C66-27DD-41D6-99EA-F02B50804542}.Debug|Any CPU.ActiveCfg = Debug|Any CPU
		{DCCC8C66-27DD-41D6-99EA-F02B50804542}.Debug|Any CPU.Build.0 = Debug|Any CPU
		{DCCC8C66-27DD-41D6-99EA-F02B50804542}.Release|Any CPU.ActiveCfg = Release|Any CPU
		{DCCC8C66-27DD-41D6-99EA-F02B50804542}.Release|Any CPU.Build.0 = Release|Any CPU
		{AB965162-27A4-47D7-A357-2322163E9260}.Debug|Any CPU.ActiveCfg = Debug|Any CPU
		{AB965162-27A4-47D7-A357-2322163E9260}.Debug|Any CPU.Build.0 = Debug|Any CPU
		{AB965162-27A4-47D7-A357-2322163E9260}.Release|Any CPU.ActiveCfg = Release|Any CPU
		{AB965162-27A4-47D7-A357-2322163E9260}.Release|Any CPU.Build.0 = Release|Any CPU
		{D9B05101-1021-4CD8-8F7C-D628BEFE6B40}.Debug|Any CPU.ActiveCfg = Debug|Any CPU
		{D9B05101-1021-4CD8-8F7C-D628BEFE6B40}.Debug|Any CPU.Build.0 = Debug|Any CPU
		{D9B05101-1021-4CD8-8F7C-D628BEFE6B40}.Release|Any CPU.ActiveCfg = Release|Any CPU
		{D9B05101-1021-4CD8-8F7C-D628BEFE6B40}.Release|Any CPU.Build.0 = Release|Any CPU
		{9D25FC4A-3D7D-4C6D-80CC-07D9133E095F}.Debug|Any CPU.ActiveCfg = Debug|Any CPU
		{9D25FC4A-3D7D-4C6D-80CC-07D9133E095F}.Debug|Any CPU.Build.0 = Debug|Any CPU
		{9D25FC4A-3D7D-4C6D-80CC-07D9133E095F}.Release|Any CPU.ActiveCfg = Release|Any CPU
		{9D25FC4A-3D7D-4C6D-80CC-07D9133E095F}.Release|Any CPU.Build.0 = Release|Any CPU
	EndGlobalSection
	GlobalSection(SolutionProperties) = preSolution
		HideSolutionNode = FALSE
	EndGlobalSection
	GlobalSection(ExtensibilityGlobals) = postSolution
		SolutionGuid = {30CAB02E-1BDC-497A-BB82-D2C175C5B896}
	EndGlobalSection
EndGlobal
